# This file is automatically @generated by Cargo.
# It is not intended for manual editing.
version = 4

[[package]]
name = "cli-logparse"
version = "0.1.0"

[[package]]
name = "cli-minigrep"
version = "0.1.0"

[[package]]
name = "cli-todo"
version = "0.1.0"

[[package]]
name = "s01-hello"
version = "0.1.0"

[[package]]
name = "s02-primitives"
version = "0.1.0"

[[package]]
name = "s03-custom-types"
version = "0.1.0"

[[package]]
name = "s04-variable-bindings"
version = "0.1.0"

[[package]]
name = "s05-casting"
version = "0.1.0"

[[package]]
name = "s06-expressions"
version = "0.1.0"

[[package]]
name = "s07-flow-of-control"
version = "0.1.0"

[[package]]
name = "s08-functions"
version = "0.1.0"

[[package]]
name = "s09-modules"
version = "0.1.0"

[[package]]
name = "s10-crates"
version = "0.1.0"

[[package]]
name = "s11-cargo"
version = "0.1.0"

[[package]]
name = "s12-attributes"
version = "0.1.0"

[[package]]
name = "s13-generics"
version = "0.1.0"

[[package]]
name = "s14-scoping-rules"
version = "0.1.0"

[[package]]
name = "s15-traits"
version = "0.1.0"

[[package]]
name = "s16-macros"
version = "0.1.0"

[[package]]
name = "s17-error-handling"
version = "0.1.0"

[[package]]
name = "s18-std-library-types"
version = "0.1.0"

[[package]]
name = "s19-std-misc"
version = "0.1.0"

[[package]]
name = "s20-testing"
version = "0.1.0"

[[package]]
name = "s21-unsafe"
version = "0.1.0"
